version = 1
revision = 3
requires-python = ">=3.13"

[[package]]
name = "certifi"
version = "2025.6.15"
source = { registry = "https://pypi.org/simple" }
sdist = { url = "https://files.pythonhosted.org/packages/73/f7/f14b46d4bcd21092d7d3ccef689615220d8a08fb25e564b65d20738e672e/certifi-2025.6.15.tar.gz", hash = "sha256:d747aa5a8b9bbbb1bb8c22bb13e22bd1f18e9796defa16bab421f7f7a317323b", size = 158753, upload-time = "2025-06-15T02:45:51.329Z" }
wheels = [
    { url = "https://files.pythonhosted.org/packages/84/ae/320161bd181fc06471eed047ecce67b693fd7515b16d495d8932db763426/certifi-2025.6.15-py3-none-any.whl", hash = "sha256:2e0c7ce7cb5d8f8634ca55d2ba7e6ec2689a2fd6537d8dec1296a477a4910057", size = 157650, upload-time = "2025-06-15T02:45:49.977Z" },
]

[[package]]
name = "charset-normalizer"
version = "3.4.2"
source = { registry = "https://pypi.org/simple" }
sdist = { url = "https://files.pythonhosted.org/packages/e4/33/89c2ced2b67d1c2a61c19c6751aa8902d46ce3dacb23600a283619f5a12d/charset_normalizer-3.4.2.tar.gz", hash = "sha256:5baececa9ecba31eff645232d59845c07aa030f0c81ee70184a90d35099a0e63", size = 126367, upload-time = "2025-05-02T08:34:42.01Z" }
wheels = [
    { url = "https://files.pythonhosted.org/packages/ea/12/a93df3366ed32db1d907d7593a94f1fe6293903e3e92967bebd6950ed12c/charset_normalizer-3.4.2-cp313-cp313-macosx_10_13_universal2.whl", hash = "sha256:926ca93accd5d36ccdabd803392ddc3e03e6d4cd1cf17deff3b989ab8e9dbcf0", size = 199622, upload-time = "2025-05-02T08:32:56.363Z" },
    { url = "https://files.pythonhosted.org/packages/04/93/bf204e6f344c39d9937d3c13c8cd5bbfc266472e51fc8c07cb7f64fcd2de/charset_normalizer-3.4.2-cp313-cp313-manylinux_2_17_aarch64.manylinux2014_aarch64.whl", hash = "sha256:eba9904b0f38a143592d9fc0e19e2df0fa2e41c3c3745554761c5f6447eedabf", size = 143435, upload-time = "2025-05-02T08:32:58.551Z" },
    { url = "https://files.pythonhosted.org/packages/22/2a/ea8a2095b0bafa6c5b5a55ffdc2f924455233ee7b91c69b7edfcc9e02284/charset_normalizer-3.4.2-cp313-cp313-manylinux_2_17_ppc64le.manylinux2014_ppc64le.whl", hash = "sha256:3fddb7e2c84ac87ac3a947cb4e66d143ca5863ef48e4a5ecb83bd48619e4634e", size = 153653, upload-time = "2025-05-02T08:33:00.342Z" },
    { url = "https://files.pythonhosted.org/packages/b6/57/1b090ff183d13cef485dfbe272e2fe57622a76694061353c59da52c9a659/charset_normalizer-3.4.2-cp313-cp313-manylinux_2_17_s390x.manylinux2014_s390x.whl", hash = "sha256:98f862da73774290f251b9df8d11161b6cf25b599a66baf087c1ffe340e9bfd1", size = 146231, upload-time = "2025-05-02T08:33:02.081Z" },
    { url = "https://files.pythonhosted.org/packages/e2/28/ffc026b26f441fc67bd21ab7f03b313ab3fe46714a14b516f931abe1a2d8/charset_normalizer-3.4.2-cp313-cp313-manylinux_2_17_x86_64.manylinux2014_x86_64.whl", hash = "sha256:6c9379d65defcab82d07b2a9dfbfc2e95bc8fe0ebb1b176a3190230a3ef0e07c", size = 148243, upload-time = "2025-05-02T08:33:04.063Z" },
    { url = "https://files.pythonhosted.org/packages/c0/0f/9abe9bd191629c33e69e47c6ef45ef99773320e9ad8e9cb08b8ab4a8d4cb/charset_normalizer-3.4.2-cp313-cp313-manylinux_2_5_i686.manylinux1_i686.manylinux_2_17_i686.manylinux2014_i686.whl", hash = "sha256:e635b87f01ebc977342e2697d05b56632f5f879a4f15955dfe8cef2448b51691", size = 150442, upload-time = "2025-05-02T08:33:06.418Z" },
    { url = "https://files.pythonhosted.org/packages/67/7c/a123bbcedca91d5916c056407f89a7f5e8fdfce12ba825d7d6b9954a1a3c/charset_normalizer-3.4.2-cp313-cp313-musllinux_1_2_aarch64.whl", hash = "sha256:1c95a1e2902a8b722868587c0e1184ad5c55631de5afc0eb96bc4b0d738092c0", size = 145147, upload-time = "2025-05-02T08:33:08.183Z" },
    { url = "https://files.pythonhosted.org/packages/ec/fe/1ac556fa4899d967b83e9893788e86b6af4d83e4726511eaaad035e36595/charset_normalizer-3.4.2-cp313-cp313-musllinux_1_2_i686.whl", hash = "sha256:ef8de666d6179b009dce7bcb2ad4c4a779f113f12caf8dc77f0162c29d20490b", size = 153057, upload-time = "2025-05-02T08:33:09.986Z" },
    { url = "https://files.pythonhosted.org/packages/2b/ff/acfc0b0a70b19e3e54febdd5301a98b72fa07635e56f24f60502e954c461/charset_normalizer-3.4.2-cp313-cp313-musllinux_1_2_ppc64le.whl", hash = "sha256:32fc0341d72e0f73f80acb0a2c94216bd704f4f0bce10aedea38f30502b271ff", size = 156454, upload-time = "2025-05-02T08:33:11.814Z" },
    { url = "https://files.pythonhosted.org/packages/92/08/95b458ce9c740d0645feb0e96cea1f5ec946ea9c580a94adfe0b617f3573/charset_normalizer-3.4.2-cp313-cp313-musllinux_1_2_s390x.whl", hash = "sha256:289200a18fa698949d2b39c671c2cc7a24d44096784e76614899a7ccf2574b7b", size = 154174, upload-time = "2025-05-02T08:33:13.707Z" },
    { url = "https://files.pythonhosted.org/packages/78/be/8392efc43487ac051eee6c36d5fbd63032d78f7728cb37aebcc98191f1ff/charset_normalizer-3.4.2-cp313-cp313-musllinux_1_2_x86_64.whl", hash = "sha256:4a476b06fbcf359ad25d34a057b7219281286ae2477cc5ff5e3f70a246971148", size = 149166, upload-time = "2025-05-02T08:33:15.458Z" },
    { url = "https://files.pythonhosted.org/packages/44/96/392abd49b094d30b91d9fbda6a69519e95802250b777841cf3bda8fe136c/charset_normalizer-3.4.2-cp313-cp313-win32.whl", hash = "sha256:aaeeb6a479c7667fbe1099af9617c83aaca22182d6cf8c53966491a0f1b7ffb7", size = 98064, upload-time = "2025-05-02T08:33:17.06Z" },
    { url = "https://files.pythonhosted.org/packages/e9/b0/0200da600134e001d91851ddc797809e2fe0ea72de90e09bec5a2fbdaccb/charset_normalizer-3.4.2-cp313-cp313-win_amd64.whl", hash = "sha256:aa6af9e7d59f9c12b33ae4e9450619cf2488e2bbe9b44030905877f0b2324980", size = 105641, upload-time = "2025-05-02T08:33:18.753Z" },
    { url = "https://files.pythonhosted.org/packages/20/94/c5790835a017658cbfabd07f3bfb549140c3ac458cfc196323996b10095a/charset_normalizer-3.4.2-py3-none-any.whl", hash = "sha256:7f56930ab0abd1c45cd15be65cc741c28b1c9a34876ce8c17a2fa107810c0af0", size = 52626, upload-time = "2025-05-02T08:34:40.053Z" },
]

[[package]]
name = "github-api"
version = "0.1.0"
source = { virtual = "." }
dependencies = [
    { name = "requests" },
]

[package.dev-dependencies]
dev = [
    { name = "ruff" },
]

[package.metadata]
requires-dist = [{ name = "requests", specifier = ">=2.32.4" }]

[package.metadata.requires-dev]
dev = [{ name = "ruff", specifier = ">=0.15.10" }]

[[package]]
name = "idna"
version = "3.10"
source = { registry = "https://pypi.org/simple" }
sdist = { url = "https://files.pythonhosted.org/packages/f1/70/7703c29685631f5a7590aa73f1f1d3fa9a380e654b86af429e0934a32f7d/idna-3.10.tar.gz", hash = "sha256:12f65c9b470abda6dc35cf8e63cc574b1c52b11df2c86030af0ac09b01b13ea9", size = 190490, upload-time = "2024-09-15T18:07:39.745Z" }
wheels = [
    { url = "https://files.pythonhosted.org/packages/76/c6/c88e154df9c4e1a2a66ccf0005a88dfb2650c1dffb6f5ce603dfbd452ce3/idna-3.10-py3-none-any.whl", hash = "sha256:946d195a0d259cbba61165e88e65941f16e9b36ea6ddb97f00452bae8b1287d3", size = 70442, upload-time = "2024-09-15T18:07:37.964Z" },
]

[[package]]
name = "requests"
version = "2.33.1"
source = { registry = "https://pypi.org/simple" }
dependencies = [
    { name = "certifi" },
    { name = "charset-normalizer" },
    { name = "idna" },
    { name = "urllib3" },
]
sdist = { url = "https://files.pythonhosted.org/packages/5f/a4/98b9c7c6428a668bf7e42ebb7c79d576a1c3c1e3ae2d47e674b468388871/requests-2.33.1.tar.gz", hash = "sha256:18817f8c57c6263968bc123d237e3b8b08ac046f5456bd1e307ee8f4250d3517", size = 134120, upload-time = "2026-03-30T16:09:15.531Z" }
wheels = [
    { url = "https://files.pythonhosted.org/packages/d7/8e/7540e8a2036f79a125c1d2ebadf69ed7901608859186c856fa0388ef4197/requests-2.33.1-py3-none-any.whl", hash = "sha256:4e6d1ef462f3626a1f0a0a9c42dd93c63bad33f9f1c1937509b8c5c8718ab56a", size = 64947, upload-time = "2026-03-30T16:09:13.83Z" },
]

[[package]]
name = "ruff"
version = "0.15.10"
source = { registry = "https://pypi.org/simple" }
sdist = { url = "https://files.pythonhosted.org/packages/e7/d9/aa3f7d59a10ef6b14fe3431706f854dbf03c5976be614a9796d36326810c/ruff-0.15.10.tar.gz", hash = "sha256:d1f86e67ebfdef88e00faefa1552b5e510e1d35f3be7d423dc7e84e63788c94e", size = 4631728, upload-time = "2026-04-09T14:06:09.884Z" }
wheels = [
    { url = "https://files.pythonhosted.org/packages/eb/00/a1c2fdc9939b2c03691edbda290afcd297f1f389196172826b03d6b6a595/ruff-0.15.10-py3-none-linux_armv6l.whl", hash = "sha256:0744e31482f8f7d0d10a11fcbf897af272fefdfcb10f5af907b18c2813ff4d5f", size = 10563362, upload-time = "2026-04-09T14:06:21.189Z" },
    { url = "https://files.pythonhosted.org/packages/5c/15/006990029aea0bebe9d33c73c3e28c80c391ebdba408d1b08496f00d422d/ruff-0.15.10-py3-none-macosx_10_12_x86_64.whl", hash = "sha256:b1e7c16ea0ff5a53b7c2df52d947e685973049be1cdfe2b59a9c43601897b22e", size = 10951122, upload-time = "2026-04-09T14:06:02.236Z" },
    { url = "https://files.pythonhosted.org/packages/f2/c0/4ac978fe874d0618c7da647862afe697b281c2806f13ce904ad652fa87e4/ruff-0.15.10-py3-none-macosx_11_0_arm64.whl", hash = "sha256:93cc06a19e5155b4441dd72808fdf84290d84ad8a39ca3b0f994363ade4cebb1", size = 10314005, upload-time = "2026-04-09T14:06:00.026Z" },
    { url = "https://files.pythonhosted.org/packages/da/73/c209138a5c98c0d321266372fc4e33ad43d506d7e5dd817dd89b60a8548f/ruff-0.15.10-py3-none-manylinux_2_17_aarch64.manylinux2014_aarch64.whl", hash = "sha256:83e1dd04312997c99ea6965df66a14fb4f03ba978564574ffc68b0d61fd3989e", size = 10643450, upload-time = "2026-04-09T14:05:42.137Z" },
    { url = "https://files.pythonhosted.org/packages/ec/76/0deec355d8ec10709653635b1f90856735302cb8e149acfdf6f82a5feb70/ruff-0.15.10-py3-none-manylinux_2_17_armv7l.manylinux2014_armv7l.whl", hash = "sha256:8154d43684e4333360fedd11aaa40b1b08a4e37d8ffa9d95fee6fa5b37b6fab1", size = 10379597, upload-time = "2026-04-09T14:05:49.984Z" },
    { url = "https://files.pythonhosted.org/packages/dc/be/86bba8fc8798c081e28a4b3bb6d143ccad3fd5f6f024f02002b8f08a9fa3/ruff-0.15.10-py3-none-manylinux_2_17_i686.manylinux2014_i686.whl", hash = "sha256:8ab88715f3a6deb6bde6c227f3a123410bec7b855c3ae331b4c006189e895cef", size = 11146645, upload-time = "2026-04-09T14:06:12.246Z" },
    { url = "https://files.pythonhosted.org/packages/a8/89/140025e65911b281c57be1d385ba1d932c2366ca88ae6663685aed8d4881/ruff-0.15.10-py3-none-manylinux_2_17_ppc64le.manylinux2014_ppc64le.whl", hash = "sha256:a768ff5969b4f44c349d48edf4ab4f91eddb27fd9d77799598e130fb628aa158", size = 12030289, upload-time = "2026-04-09T14:06:04.776Z" },
    { url = "https://files.pythonhosted.org/packages/88/de/ddacca9545a5e01332567db01d44bd8cf725f2db3b3d61a80550b48308ea/ruff-0.15.10-py3-none-manylinux_2_17_s390x.manylinux2014_s390x.whl", hash = "sha256:0ee3ef42dab7078bda5ff6a1bcba8539e9857deb447132ad5566a038674540d0", size = 11496266, upload-time = "2026-04-09T14:05:55.485Z" },
    { url = "https://files.pythonhosted.org/packages/bc/bb/7ddb00a83760ff4a83c4e2fc231fd63937cc7317c10c82f583302e0f6586/ruff-0.15.10-py3-none-manylinux_2_17_x86_64.manylinux2014_x86_64.whl", hash = "sha256:51cb8cc943e891ba99989dd92d61e29b1d231e14811db9be6440ecf25d5c1609", size = 11256418, upload-time = "2026-04-09T14:05:57.69Z" },
    { url = "https://files.pythonhosted.org/packages/dc/8d/55de0d35aacf6cd50b6ee91ee0f291672080021896543776f4170fc5c454/ruff-0.15.10-py3-none-manylinux_2_31_riscv64.whl", hash = "sha256:e59c9bdc056a320fb9ea1700a8d591718b8faf78af065484e801258d3a76bc3f", size = 11288416, upload-time = "2026-04-09T14:05:44.695Z" },
    { url = "https://files.pythonhosted.org/packages/68/cf/9438b1a27426ec46a80e0a718093c7f958ef72f43eb3111862949ead3cc1/ruff-0.15.10-py3-none-musllinux_1_2_aarch64.whl", hash = "sha256:136c00ca2f47b0018b073f28cb5c1506642a830ea941a60354b0e8bc8076b151", size = 10621053, upload-time = "2026-04-09T14:05:52.782Z" },
    { url = "https://files.pythonhosted.org/packages/4c/50/e29be6e2c135e9cd4cb15fbade49d6a2717e009dff3766dd080fcb82e251/ruff-0.15.10-py3-none-musllinux_1_2_armv7l.whl", hash = "sha256:8b80a2f3c9c8a950d6237f2ca12b206bccff626139be9fa005f14feb881a1ae8", size = 10378302, upload-time = "2026-04-09T14:06:14.361Z" },
    { url = "https://files.pythonhosted.org/packages/18/2f/e0b36a6f99c51bb89f3a30239bc7bf97e87a37ae80aa2d6542d6e5150364/ruff-0.15.10-py3-none-musllinux_1_2_i686.whl", hash = "sha256:e3e53c588164dc025b671c9df2462429d60357ea91af7e92e9d56c565a9f1b07", size = 10850074, upload-time = "2026-04-09T14:06:16.581Z" },
    { url = "https://files.pythonhosted.org/packages/11/08/874da392558ce087a0f9b709dc6ec0d60cbc694c1c772dab8d5f31efe8cb/ruff-0.15.10-py3-none-musllinux_1_2_x86_64.whl", hash = "sha256:b0c52744cf9f143a393e284125d2576140b68264a93c6716464e129a3e9adb48", size = 11358051, upload-time = "2026-04-09T14:06:18.948Z" },
    { url = "https://files.pythonhosted.org/packages/e4/46/602938f030adfa043e67112b73821024dc79f3ab4df5474c25fa4c1d2d14/ruff-0.15.10-py3-none-win32.whl", hash = "sha256:d4272e87e801e9a27a2e8df7b21011c909d9ddd82f4f3281d269b6ba19789ca5", size = 10588964, upload-time = "2026-04-09T14:06:07.14Z" },
    { url = "https://files.pythonhosted.org/packages/25/b6/261225b875d7a13b33a6d02508c39c28450b2041bb01d0f7f1a83d569512/ruff-0.15.10-py3-none-win_amd64.whl", hash = "sha256:28cb32d53203242d403d819fd6983152489b12e4a3ae44993543d6fe62ab42ed", size = 11745044, upload-time = "2026-04-09T14:05:39.473Z" },
    { url = "https://files.pythonhosted.org/packages/58/ed/dea90a65b7d9e69888890fb14c90d7f51bf0c1e82ad800aeb0160e4bacfd/ruff-0.15.10-py3-none-win_arm64.whl", hash = "sha256:601d1610a9e1f1c2165a4f561eeaa2e2ea1e97f3287c5aa258d3dab8b57c6188", size = 11035607, upload-time = "2026-04-09T14:05:47.593Z" },
]

[[package]]
name = "urllib3"
version = "2.5.0"
source = { registry = "https://pypi.org/simple" }
sdist = { url = "https://files.pythonhosted.org/packages/15/22/9ee70a2574a4f4599c47dd506532914ce044817c7752a79b6a51286319bc/urllib3-2.5.0.tar.gz", hash = "sha256:3fc47733c7e419d4bc3f6b3dc2b4f890bb743906a30d56ba4a5bfa4bbff92760", size = 393185, upload-time = "2025-06-18T14:07:41.644Z" }
wheels = [
    { url = "https://files.pythonhosted.org/packages/a7/c2/fe1e52489ae3122415c51f387e221dd0773709bad6c6cdaa599e8a2c5185/urllib3-2.5.0-py3-none-any.whl", hash = "sha256:e6b01673c0fa6a13e374b50871808eb3bf7046c4b125b216f6bf1cc604cff0dc", size = 129795, upload-time = "2025-06-18T14:07:40.39Z" },
]
